// !$*UTF8*$!
{
	archiveVersion = 1;
	classes = {
	};
	objectVersion = 46;
	objects = {

/* Begin PBXBuildFile section */
		040140F320763943004ADA34 /* shieldOff.mp3 in Resources */ = {isa = PBXBuildFile; fileRef = 040140F120763943004ADA34 /* shieldOff.mp3 */; };
		040140F420763943004ADA34 /* shieldOn.mp3 in Resources */ = {isa = PBXBuildFile; fileRef = 040140F220763943004ADA34 /* shieldOn.mp3 */; };
		040140FE207659AE004ADA34 /* MainBg01.png in Resources */ = {isa = PBXBuildFile; fileRef = 040140FD207659AE004ADA34 /* MainBg01.png */; };
		0401410020765F8C004ADA34 /* scene.atlas in Resources */ = {isa = PBXBuildFile; fileRef = 040140FF20765F8C004ADA34 /* scene.atlas */; };
		04763E5220737B57007A9F3D /* AppDelegate.swift in Sources */ = {isa = PBXBuildFile; fileRef = 04763E5120737B57007A9F3D /* AppDelegate.swift */; };
		04763E5420737B57007A9F3D /* GameScene.sks in Resources */ = {isa = PBXBuildFile; fileRef = 04763E5320737B57007A9F3D /* GameScene.sks */; };
		04763E5820737B57007A9F3D /* GameScene.swift in Sources */ = {isa = PBXBuildFile; fileRef = 04763E5720737B57007A9F3D /* GameScene.swift */; };
		04763E5A20737B57007A9F3D /* GameViewController.swift in Sources */ = {isa = PBXBuildFile; fileRef = 04763E5920737B57007A9F3D /* GameViewController.swift */; };
		04763E5D20737B57007A9F3D /* Main.storyboard in Resources */ = {isa = PBXBuildFile; fileRef = 04763E5B20737B57007A9F3D /* Main.storyboard */; };
		04763E5F20737B57007A9F3D /* Assets.xcassets in Resources */ = {isa = PBXBuildFile; fileRef = 04763E5E20737B57007A9F3D /* Assets.xcassets */; };
		04763E6220737B57007A9F3D /* LaunchScreen.storyboard in Resources */ = {isa = PBXBuildFile; fileRef = 04763E6020737B57007A9F3D /* LaunchScreen.storyboard */; };
		04763E832073A315007A9F3D /* GameScene_Touches.swift in Sources */ = {isa = PBXBuildFile; fileRef = 04763E822073A315007A9F3D /* GameScene_Touches.swift */; };
		04763E852073A5DF007A9F3D /* GameScene_Physics.swift in Sources */ = {isa = PBXBuildFile; fileRef = 04763E842073A5DF007A9F3D /* GameScene_Physics.swift */; };
		04763E872073A974007A9F3D /* engine.sks in Resources */ = {isa = PBXBuildFile; fileRef = 04763E862073A974007A9F3D /* engine.sks */; };
		04763E892073AD06007A9F3D /* Utils.swift in Sources */ = {isa = PBXBuildFile; fileRef = 04763E882073AD06007A9F3D /* Utils.swift */; };
		04763E952073C93A007A9F3D /* pickCoin.mp3 in Resources */ = {isa = PBXBuildFile; fileRef = 04763E942073C93A007A9F3D /* pickCoin.mp3 */; };
		04763E972073C987007A9F3D /* SKTAudio.swift in Sources */ = {isa = PBXBuildFile; fileRef = 04763E962073C987007A9F3D /* SKTAudio.swift */; };
		04763E9C2073CB64007A9F3D /* AnimationClass.swift in Sources */ = {isa = PBXBuildFile; fileRef = 04763E9B2073CB64007A9F3D /* AnimationClass.swift */; };
		04763EB92073D663007A9F3D /* electricCreate.wav in Resources */ = {isa = PBXBuildFile; fileRef = 04763EB72073D663007A9F3D /* electricCreate.wav */; };
		04763EBA2073D663007A9F3D /* electricDead.mp3 in Resources */ = {isa = PBXBuildFile; fileRef = 04763EB82073D663007A9F3D /* electricDead.mp3 */; };
		04763EBC2073EC25007A9F3D /* reloadButton.png in Resources */ = {isa = PBXBuildFile; fileRef = 04763EBB2073EC25007A9F3D /* reloadButton.png */; };
/* End PBXBuildFile section */

/* Begin PBXFileReference section */
		040140F120763943004ADA34 /* shieldOff.mp3 */ = {isa = PBXFileReference; lastKnownFileType = audio.mp3; path = shieldOff.mp3; sourceTree = "<group>"; };
		040140F220763943004ADA34 /* shieldOn.mp3 */ = {isa = PBXFileReference; lastKnownFileType = audio.mp3; path = shieldOn.mp3; sourceTree = "<group>"; };
		040140FD207659AE004ADA34 /* MainBg01.png */ = {isa = PBXFileReference; lastKnownFileType = image.png; path = MainBg01.png; sourceTree = "<group>"; };
		040140FF20765F8C004ADA34 /* scene.atlas */ = {isa = PBXFileReference; lastKnownFileType = folder.skatlas; path = scene.atlas; sourceTree = "<group>"; };
		04763E4E20737B57007A9F3D /* SpriteKitTest.app */ = {isa = PBXFileReference; explicitFileType = wrapper.application; includeInIndex = 0; path = SpriteKitTest.app; sourceTree = BUILT_PRODUCTS_DIR; };
		04763E5120737B57007A9F3D /* AppDelegate.swift */ = {isa = PBXFileReference; lastKnownFileType = sourcecode.swift; path = AppDelegate.swift; sourceTree = "<group>"; };
		04763E5320737B57007A9F3D /* GameScene.sks */ = {isa = PBXFileReference; lastKnownFileType = file.sks; path = GameScene.sks; sourceTree = "<group>"; };
		04763E5720737B57007A9F3D /* GameScene.swift */ = {isa = PBXFileReference; lastKnownFileType = sourcecode.swift; path = GameScene.swift; sourceTree = "<group>"; };
		04763E5920737B57007A9F3D /* GameViewController.swift */ = {isa = PBXFileReference; lastKnownFileType = sourcecode.swift; path = GameViewController.swift; sourceTree = "<group>"; };
		04763E5C20737B57007A9F3D /* Base */ = {isa = PBXFileReference; lastKnownFileType = file.storyboard; name = Base; path = Base.lproj/Main.storyboard; sourceTree = "<group>"; };
		04763E5E20737B57007A9F3D /* Assets.xcassets */ = {isa = PBXFileReference; lastKnownFileType = folder.assetcatalog; path = Assets.xcassets; sourceTree = "<group>"; };
		04763E6120737B57007A9F3D /* Base */ = {isa = PBXFileReference; lastKnownFileType = file.storyboard; name = Base; path = Base.lproj/LaunchScreen.storyboard; sourceTree = "<group>"; };
		04763E6320737B57007A9F3D /* Info.plist */ = {isa = PBXFileReference; lastKnownFileType = text.plist.xml; path = Info.plist; sourceTree = "<group>"; };
		04763E822073A315007A9F3D /* GameScene_Touches.swift */ = {isa = PBXFileReference; fileEncoding = 4; lastKnownFileType = sourcecode.swift; path = GameScene_Touches.swift; sourceTree = "<group>"; };
		04763E842073A5DF007A9F3D /* GameScene_Physics.swift */ = {isa = PBXFileReference; fileEncoding = 4; lastKnownFileType = sourcecode.swift; path = GameScene_Physics.swift; sourceTree = "<group>"; };
		04763E862073A974007A9F3D /* engine.sks */ = {isa = PBXFileReference; lastKnownFileType = file.sks; path = engine.sks; sourceTree = "<group>"; };
		04763E882073AD06007A9F3D /* Utils.swift */ = {isa = PBXFileReference; fileEncoding = 4; lastKnownFileType = sourcecode.swift; path = Utils.swift; sourceTree = "<group>"; };
		04763E942073C93A007A9F3D /* pickCoin.mp3 */ = {isa = PBXFileReference; lastKnownFileType = audio.mp3; path = pickCoin.mp3; sourceTree = "<group>"; };
		04763E962073C987007A9F3D /* SKTAudio.swift */ = {isa = PBXFileReference; fileEncoding = 4; lastKnownFileType = sourcecode.swift; path = SKTAudio.swift; sourceTree = "<group>"; };
		04763E9B2073CB64007A9F3D /* AnimationClass.swift */ = {isa = PBXFileReference; fileEncoding = 4; lastKnownFileType = sourcecode.swift; path = AnimationClass.swift; sourceTree = "<group>"; };
		04763EB72073D663007A9F3D /* electricCreate.wav */ = {isa = PBXFileReference; lastKnownFileType = audio.wav; path = electricCreate.wav; sourceTree = "<group>"; };
		04763EB82073D663007A9F3D /* electricDead.mp3 */ = {isa = PBXFileReference; lastKnownFileType = audio.mp3; path = electricDead.mp3; sourceTree = "<group>"; };
		04763EBB2073EC25007A9F3D /* reloadButton.png */ = {isa = PBXFileReference; lastKnownFileType = image.png; path = reloadButton.png; sourceTree = "<group>"; };
/* End PBXFileReference section */

/* Begin PBXFrameworksBuildPhase section */
		04763E4B20737B56007A9F3D /* Frameworks */ = {
			isa = PBXFrameworksBuildPhase;
			buildActionMask = 2147483647;
			files = (
			);
			runOnlyForDeploymentPostprocessing = 0;
		};
/* End PBXFrameworksBuildPhase section */

/* Begin PBXGroup section */
		04763E4520737B56007A9F3D = {
			isa = PBXGroup;
			children = (
				04763E5020737B57007A9F3D /* SpriteKitTest */,
				04763E4F20737B57007A9F3D /* Products */,
			);
			sourceTree = "<group>";
		};
		04763E4F20737B57007A9F3D /* Products */ = {
			isa = PBXGroup;
			children = (
				04763E4E20737B57007A9F3D /* SpriteKitTest.app */,
			);
			name = Products;
			sourceTree = "<group>";
		};
		04763E5020737B57007A9F3D /* SpriteKitTest */ = {
			isa = PBXGroup;
			children = (
				04763EBB2073EC25007A9F3D /* reloadButton.png */,
				040140FD207659AE004ADA34 /* MainBg01.png */,
				04763E5320737B57007A9F3D /* GameScene.sks */,
				04763E5120737B57007A9F3D /* AppDelegate.swift */,
				04763E5720737B57007A9F3D /* GameScene.swift */,
				04763E822073A315007A9F3D /* GameScene_Touches.swift */,
				04763E842073A5DF007A9F3D /* GameScene_Physics.swift */,
				04763E5920737B57007A9F3D /* GameViewController.swift */,
				04763E5E20737B57007A9F3D /* Assets.xcassets */,
				04763E5B20737B57007A9F3D /* Main.storyboard */,
				04763E6020737B57007A9F3D /* LaunchScreen.storyboard */,
				04763E6320737B57007A9F3D /* Info.plist */,
				040140FF20765F8C004ADA34 /* scene.atlas */,
				04763E9A2073CA03007A9F3D /* Emitters */,
				04763E982073C9B5007A9F3D /* Helpers */,
				04763E992073C9C0007A9F3D /* Sounds */,
			);
			path = SpriteKitTest;
			sourceTree = "<group>";
		};
		04763E982073C9B5007A9F3D /* Helpers */ = {
			isa = PBXGroup;
			children = (
				04763E882073AD06007A9F3D /* Utils.swift */,
				04763E962073C987007A9F3D /* SKTAudio.swift */,
				04763E9B2073CB64007A9F3D /* AnimationClass.swift */,
			);
			name = Helpers;
			sourceTree = "<group>";
		};
		04763E992073C9C0007A9F3D /* Sounds */ = {
			isa = PBXGroup;
			children = (
				04763EB72073D663007A9F3D /* electricCreate.wav */,
				04763EB82073D663007A9F3D /* electricDead.mp3 */,
				04763E942073C93A007A9F3D /* pickCoin.mp3 */,
				040140F120763943004ADA34 /* shieldOff.mp3 */,
				040140F220763943004ADA34 /* shieldOn.mp3 */,
			);
			name = Sounds;
			sourceTree = "<group>";
		};
		04763E9A2073CA03007A9F3D /* Emitters */ = {
			isa = PBXGroup;
			children = (
				04763E862073A974007A9F3D /* engine.sks */,
			);
			name = Emitters;
			sourceTree = "<group>";
		};
/* End PBXGroup section */

/* Begin PBXNativeTarget section */
		04763E4D20737B56007A9F3D /* SpriteKitTest */ = {
			isa = PBXNativeTarget;
			buildConfigurationList = 04763E6620737B57007A9F3D /* Build configuration list for PBXNativeTarget "SpriteKitTest" */;
			buildPhases = (
				04763E4A20737B56007A9F3D /* Sources */,
				04763E4B20737B56007A9F3D /* Frameworks */,
				04763E4C20737B56007A9F3D /* Resources */,
			);
			buildRules = (
			);
			dependencies = (
			);
			name = SpriteKitTest;
			productName = SpriteKitTest;
			productReference = 04763E4E20737B57007A9F3D /* SpriteKitTest.app */;
			productType = "com.apple.product-type.application";
		};
/* End PBXNativeTarget section */

/* Begin PBXProject section */
		04763E4620737B56007A9F3D /* Project object */ = {
			isa = PBXProject;
			attributes = {
				LastSwiftUpdateCheck = 0820;
				LastUpgradeCheck = 0820;
				ORGANIZATIONNAME = "Dim Malysh";
				TargetAttributes = {
					04763E4D20737B56007A9F3D = {
						CreatedOnToolsVersion = 8.2.1;
						DevelopmentTeam = N87Y59YWEF;
						ProvisioningStyle = Automatic;
					};
				};
			};
			buildConfigurationList = 04763E4920737B56007A9F3D /* Build configuration list for PBXProject "SpriteKitTest" */;
			compatibilityVersion = "Xcode 3.2";
			developmentRegion = English;
			hasScannedForEncodings = 0;
			knownRegions = (
				en,
				Base,
			);
			mainGroup = 04763E4520737B56007A9F3D;
			productRefGroup = 04763E4F20737B57007A9F3D /* Products */;
			projectDirPath = "";
			projectRoot = "";
			targets = (
				04763E4D20737B56007A9F3D /* SpriteKitTest */,
			);
		};
/* End PBXProject section */

/* Begin PBXResourcesBuildPhase section */
		04763E4C20737B56007A9F3D /* Resources */ = {
			isa = PBXResourcesBuildPhase;
			buildActionMask = 2147483647;
			files = (
				0401410020765F8C004ADA34 /* scene.atlas in Resources */,
				04763E5D20737B57007A9F3D /* Main.storyboard in Resources */,
				040140F420763943004ADA34 /* shieldOn.mp3 in Resources */,
				04763EBC2073EC25007A9F3D /* reloadButton.png in Resources */,
				04763E872073A974007A9F3D /* engine.sks in Resources */,
				04763EBA2073D663007A9F3D /* electricDead.mp3 in Resources */,
				040140FE207659AE004ADA34 /* MainBg01.png in Resources */,
				04763E952073C93A007A9F3D /* pickCoin.mp3 in Resources */,
				04763E5420737B57007A9F3D /* GameScene.sks in Resources */,
				04763EB92073D663007A9F3D /* electricCreate.wav in Resources */,
				04763E5F20737B57007A9F3D /* Assets.xcassets in Resources */,
				040140F320763943004ADA34 /* shieldOff.mp3 in Resources */,
				04763E6220737B57007A9F3D /* LaunchScreen.storyboard in Resources */,
			);
			runOnlyForDeploymentPostprocessing = 0;
		};
/* End PBXResourcesBuildPhase section */

/* Begin PBXSourcesBuildPhase section */
		04763E4A20737B56007A9F3D /* Sources */ = {
			isa = PBXSourcesBuildPhase;
			buildActionMask = 2147483647;
			files = (
				04763E832073A315007A9F3D /* GameScene_Touches.swift in Sources */,
				04763E852073A5DF007A9F3D /* GameScene_Physics.swift in Sources */,
				04763E5820737B57007A9F3D /* GameScene.swift in Sources */,
				04763E5A20737B57007A9F3D /* GameViewController.swift in Sources */,
				04763E972073C987007A9F3D /* SKTAudio.swift in Sources */,
				04763E9C2073CB64007A9F3D /* AnimationClass.swift in Sources */,
				04763E5220737B57007A9F3D /* AppDelegate.swift in Sources */,
				04763E892073AD06007A9F3D /* Utils.swift in Sources */,
			);
			runOnlyForDeploymentPostprocessing = 0;
		};
/* End PBXSourcesBuildPhase section */

/* Begin PBXVariantGroup section */
		04763E5B20737B57007A9F3D /* Main.storyboard */ = {
			isa = PBXVariantGroup;
			children = (
				04763E5C20737B57007A9F3D /* Base */,
			);
			name = Main.storyboard;
			sourceTree = "<group>";
		};
		04763E6020737B57007A9F3D /* LaunchScreen.storyboard */ = {
			isa = PBXVariantGroup;
			children = (
				04763E6120737B57007A9F3D /* Base */,
			);
			name = LaunchScreen.storyboard;
			sourceTree = "<group>";
		};
/* End PBXVariantGroup section */

/* Begin XCBuildConfiguration section */
		04763E6420737B57007A9F3D /* Debug */ = {
			isa = XCBuildConfiguration;
			buildSettings = {
				ALWAYS_SEARCH_USER_PATHS = NO;
				CLANG_ANALYZER_NONNULL = YES;
				CLANG_CXX_LANGUAGE_STANDARD = "gnu++0x";
				CLANG_CXX_LIBRARY = "libc++";
				CLANG_ENABLE_MODULES = YES;
				CLANG_ENABLE_OBJC_ARC = YES;
				CLANG_WARN_BOOL_CONVERSION = YES;
				CLANG_WARN_CONSTANT_CONVERSION = YES;
				CLANG_WARN_DIRECT_OBJC_ISA_USAGE = YES_ERROR;
				CLANG_WARN_DOCUMENTATION_COMMENTS = YES;
				CLANG_WARN_EMPTY_BODY = YES;
				CLANG_WARN_ENUM_CONVERSION = YES;
				CLANG_WARN_INFINITE_RECURSION = YES;
				CLANG_WARN_INT_CONVERSION = YES;
				CLANG_WARN_OBJC_ROOT_CLASS = YES_ERROR;
				CLANG_WARN_SUSPICIOUS_MOVE = YES;
				CLANG_WARN_UNREACHABLE_CODE = YES;
				CLANG_WARN__DUPLICATE_METHOD_MATCH = YES;
				"CODE_SIGN_IDENTITY[sdk=iphoneos*]" = "iPhone Developer";
				COPY_PHASE_STRIP = NO;
				DEBUG_INFORMATION_FORMAT = dwarf;
				ENABLE_STRICT_OBJC_MSGSEND = YES;
				ENABLE_TESTABILITY = YES;
				GCC_C_LANGUAGE_STANDARD = gnu99;
				GCC_DYNAMIC_NO_PIC = NO;
				GCC_NO_COMMON_BLOCKS = YES;
				GCC_OPTIMIZATION_LEVEL = 0;
				GCC_PREPROCESSOR_DEFINITIONS = (
					"DEBUG=1",
					"$(inherited)",
				);
				GCC_WARN_64_TO_32_BIT_CONVERSION = YES;
				GCC_WARN_ABOUT_RETURN_TYPE = YES_ERROR;
				GCC_WARN_UNDECLARED_SELECTOR = YES;
				GCC_WARN_UNINITIALIZED_AUTOS = YES_AGGRESSIVE;
				GCC_WARN_UNUSED_FUNCTION = YES;
				GCC_WARN_UNUSED_VARIABLE = YES;
				IPHONEOS_DEPLOYMENT_TARGET = 10.2;
				MTL_ENABLE_DEBUG_INFO = YES;
				ONLY_ACTIVE_ARCH = YES;
				SDKROOT = iphoneos;
				SWIFT_ACTIVE_COMPILATION_CONDITIONS = DEBUG;
				SWIFT_OPTIMIZATION_LEVEL = "-Onone";
			};
			name = Debug;
		};
		04763E6520737B57007A9F3D /* Release */ = {
			isa = XCBuildConfiguration;
			buildSettings = {
				ALWAYS_SEARCH_USER_PATHS = NO;
				CLANG_ANALYZER_NONNULL = YES;
				CLANG_CXX_LANGUAGE_STANDARD = "gnu++0x";
				CLANG_CXX_LIBRARY = "libc++";
				CLANG_ENABLE_MODULES = YES;
				CLANG_ENABLE_OBJC_ARC = YES;
				CLANG_WARN_BOOL_CONVERSION = YES;
				CLANG_WARN_CONSTANT_CONVERSION = YES;
				CLANG_WARN_DIRECT_OBJC_ISA_USAGE = YES_ERROR;
				CLANG_WARN_DOCUMENTATION_COMMENTS = YES;
				CLANG_WARN_EMPTY_BODY = YES;
				CLANG_WARN_ENUM_CONVERSION = YES;
				CLANG_WARN_INFINITE_RECURSION = YES;
				CLANG_WARN_INT_CONVERSION = YES;
				CLANG_WARN_OBJC_ROOT_CLASS = YES_ERROR;
				CLANG_WARN_SUSPICIOUS_MOVE = YES;
				CLANG_WARN_UNREACHABLE_CODE = YES;
				CLANG_WARN__DUPLICATE_METHOD_MATCH = YES;
				"CODE_SIGN_IDENTITY[sdk=iphoneos*]" = "iPhone Developer";
				COPY_PHASE_STRIP = NO;
				DEBUG_INFORMATION_FORMAT = "dwarf-with-dsym";
				ENABLE_NS_ASSERTIONS = NO;
				ENABLE_STRICT_OBJC_MSGSEND = YES;
				GCC_C_LANGUAGE_STANDARD = gnu99;
				GCC_NO_COMMON_BLOCKS = YES;
				GCC_WARN_64_TO_32_BIT_CONVERSION = YES;
				GCC_WARN_ABOUT_RETURN_TYPE = YES_ERROR;
				GCC_WARN_UNDECLARED_SELECTOR = YES;
				GCC_WARN_UNINITIALIZED_AUTOS = YES_AGGRESSIVE;
				GCC_WARN_UNUSED_FUNCTION = YES;
				GCC_WARN_UNUSED_VARIABLE = YES;
				IPHONEOS_DEPLOYMENT_TARGET = 10.2;
				MTL_ENABLE_DEBUG_INFO = NO;
				SDKROOT = iphoneos;
				SWIFT_OPTIMIZATION_LEVEL = "-Owholemodule";
				VALIDATE_PRODUCT = YES;
			};
			name = Release;
		};
		04763E6720737B57007A9F3D /* Debug */ = {
			isa = XCBuildConfiguration;
			buildSettings = {
				ASSETCATALOG_COMPILER_APPICON_NAME = AppIcon;
				DEVELOPMENT_TEAM = N87Y59YWEF;
				INFOPLIST_FILE = SpriteKitTest/Info.plist;
				LD_RUNPATH_SEARCH_PATHS = "$(inherited) @executable_path/Frameworks";
				PRODUCT_BUNDLE_IDENTIFIER = com.dimmalysh.SpriteKitTest;
				PRODUCT_NAME = "$(TARGET_NAME)";
				SWIFT_VERSION = 3.0;
			};
			name = Debug;
		};
		04763E6820737B57007A9F3D /* Release */ = {
			isa = XCBuildConfiguration;
			buildSettings = {
				ASSETCATALOG_COMPILER_APPICON_NAME = AppIcon;
				DEVELOPMENT_TEAM = N87Y59YWEF;
				INFOPLIST_FILE = SpriteKitTest/Info.plist;
				LD_RUNPATH_SEARCH_PATHS = "$(inherited) @executable_path/Frameworks";
				PRODUCT_BUNDLE_IDENTIFIER = com.dimmalysh.SpriteKitTest;
				PRODUCT_NAME = "$(TARGET_NAME)";
				SWIFT_VERSION = 3.0;
			};
			name = Release;
		};
/* End XCBuildConfiguration section */

/* Begin XCConfigurationList section */
		04763E4920737B56007A9F3D /* Build configuration list for PBXProject "SpriteKitTest" */ = {
			isa = XCConfigurationList;
			buildConfigurations = (
				04763E6420737B57007A9F3D /* Debug */,
				04763E6520737B57007A9F3D /* Release */,
			);
			defaultConfigurationIsVisible = 0;
			defaultConfigurationName = Release;
		};
		04763E6620737B57007A9F3D /* Build configuration list for PBXNativeTarget "SpriteKitTest" */ = {
			isa = XCConfigurationList;
			buildConfigurations = (
				04763E6720737B57007A9F3D /* Debug */,
				04763E6820737B57007A9F3D /* Release */,
			);
			defaultConfigurationIsVisible = 0;
			defaultConfigurationName = Release;
		};
/* End XCConfigurationList section */
	};
	rootObject = 04763E4620737B56007A9F3D /* Project object */;
}
